
Microsoft Visual Studio Solution File, Format Version 12.00
# Visual Studio Version 17
VisualStudioVersion = 17.14.36518.9
MinimumVisualStudioVersion = 10.0.40219.1
Project("{2150E333-8FDC-42A3-9474-1A3956D46DE8}") = "Task1", "Task1", "{72FCCEB4-A4DF-4E36-8999-39029EB80B07}"
EndProject
Project("{FAE04EC0-301F-11D3-BF4B-00C04F79EFBC}") = "Tyuiu.BatTI.Sprint4.Task1.V12", "Tyuiu.BatTI.Sprint4.Task1.V12\Tyuiu.BatTI.Sprint4.Task1.V12.csproj", "{736CFE86-3EF5-4100-B08D-8A3744DF6D12}"
EndProject
Project("{FAE04EC0-301F-11D3-BF4B-00C04F79EFBC}") = "Tyuiu.BatTI.Sprint4.Task1.V12.Lib", "Tyuiu.BatTI.Sprint4.Task1.V12.Lib\Tyuiu.BatTI.Sprint4.Task1.V12.Lib.csproj", "{307FBC98-38F4-4062-8AFF-E4C10B907995}"
EndProject
Project("{FAE04EC0-301F-11D3-BF4B-00C04F79EFBC}") = "Tyuiu.BatTI.Sprint4.Task1.V12.Test", "Tyuiu.BatTI.Sprint4.Task1.V12.Test\Tyuiu.BatTI.Sprint4.Task1.V12.Test.csproj", "{2FBAE0C2-7F4B-4B25-9338-0150C07DCF28}"
EndProject
Project("{2150E333-8FDC-42A3-9474-1A3956D46DE8}") = "Task0", "Task0", "{02EA681E-C7D8-13C7-8484-4AC65E1B71E8}"
EndProject
Project("{FAE04EC0-301F-11D3-BF4B-00C04F79EFBC}") = "Tyuiu.BatTI.Sprint4.Task0.V29", "Tyuiu.BatTI.Sprint4.Task0.V29\Tyuiu.BatTI.Sprint4.Task0.V29.csproj", "{DC020E0A-1983-472E-81CB-FD216DF5BAA3}"
EndProject
Project("{FAE04EC0-301F-11D3-BF4B-00C04F79EFBC}") = "Tyuiu.BatTI.Sprint4.Task0.V29.Lib", "Tyuiu.BatTI.Sprint4.Task0.V29.Lib\Tyuiu.BatTI.Sprint4.Task0.V29.Lib.csproj", "{4F3DD975-292D-44D7-9F7E-01D5131D9605}"
EndProject
Project("{FAE04EC0-301F-11D3-BF4B-00C04F79EFBC}") = "Tyuiu.BatTI.Sprint4.Task0.V29.Test", "Tyuiu.BatTI.Sprint4.Task0.V29.Test\Tyuiu.BatTI.Sprint4.Task0.V29.Test.csproj", "{05EA720D-62F3-4894-AF01-31319467966A}"
EndProject
Project("{2150E333-8FDC-42A3-9474-1A3956D46DE8}") = "Task2", "Task2", "{171145DB-FB4B-4A61-9D8D-CCDE6B0D8D2C}"
EndProject
Project("{FAE04EC0-301F-11D3-BF4B-00C04F79EFBC}") = "Tyuiu.BatTI.Sprint4.Task2.V22", "Tyuiu.BatTI.Sprint4.Task2.V22\Tyuiu.BatTI.Sprint4.Task2.V22.csproj", "{FF53F921-CA4F-41A9-9D30-4861FA29F059}"
EndProject
Project("{FAE04EC0-301F-11D3-BF4B-00C04F79EFBC}") = "Tyuiu.BatTI.Sprint4.Task2.V22.Lib", "Tyuiu.BatTI.Sprint4.Task2.V22.Lib\Tyuiu.BatTI.Sprint4.Task2.V22.Lib.csproj", "{54C29474-57F3-4B3D-98A3-8DC0201E6D42}"
EndProject
Project("{FAE04EC0-301F-11D3-BF4B-00C04F79EFBC}") = "Tyuiu.BatTI.Sprint4.Task2.V22.Test", "Tyuiu.BatTI.Sprint4.Task2.V22.Test\Tyuiu.BatTI.Sprint4.Task2.V22.Test.csproj", "{90BD3BA1-3AAF-4D51-8EAB-92B47FF859E4}"
EndProject
Project("{2150E333-8FDC-42A3-9474-1A3956D46DE8}") = "Task3", "Task3", "{91ED25A3-E76A-4316-B49A-78693BE71151}"
EndProject
Project("{FAE04EC0-301F-11D3-BF4B-00C04F79EFBC}") = "Tyuiu.BatTI.Sprint4.Task3.V29", "Tyuiu.BatTI.Sprint4.Task3.V29\Tyuiu.BatTI.Sprint4.Task3.V29.csproj", "{05AA1908-446A-4BA2-B520-863BE96D7E2A}"
EndProject
Project("{FAE04EC0-301F-11D3-BF4B-00C04F79EFBC}") = "Tyuiu.BatTI.Sprint4.Task3.V29.Lib", "Tyuiu.BatTI.Sprint4.Task3.V29.Lib\Tyuiu.BatTI.Sprint4.Task3.V29.Lib.csproj", "{53EF96A7-FF15-4AE0-BEE3-BB15F4FCE8EC}"
EndProject
Project("{FAE04EC0-301F-11D3-BF4B-00C04F79EFBC}") = "Tyuiu.BatTI.Sprint4.Task3.V29.Test", "Tyuiu.BatTI.Sprint4.Task3.V29.Test\Tyuiu.BatTI.Sprint4.Task3.V29.Test.csproj", "{BB6812CB-E63F-4DC8-9C2D-7AB20A018C6B}"
EndProject
Project("{2150E333-8FDC-42A3-9474-1A3956D46DE8}") = "Task4", "Task4", "{590CA340-0B7C-40B4-BDB8-6C181B9A5459}"
EndProject
Project("{FAE04EC0-301F-11D3-BF4B-00C04F79EFBC}") = "Tyuiu.BatTI.Sprint4.Task4.V10", "Tyuiu.BatTI.Sprint4.Task4.V10\Tyuiu.BatTI.Sprint4.Task4.V10.csproj", "{E71C888A-1BA3-4F10-9D2E-257502844E65}"
EndProject
Project("{FAE04EC0-301F-11D3-BF4B-00C04F79EFBC}") = "Tyuiu.BatTI.Sprint4.Task4.V10.Lib", "Tyuiu.BatTI.Sprint4.Task4.V10.Lib\Tyuiu.BatTI.Sprint4.Task4.V10.Lib.csproj", "{6B01047F-E3A7-4BE5-B811-2DB41719639E}"
EndProject
Project("{FAE04EC0-301F-11D3-BF4B-00C04F79EFBC}") = "Tyuiu.BatTI.Sprint4.Task4.V10.Test", "Tyuiu.BatTI.Sprint4.Task4.V10.Test\Tyuiu.BatTI.Sprint4.Task4.V10.Test.csproj", "{453999AB-DC6B-467E-A826-B4DB01B48E42}"
EndProject
Project("{2150E333-8FDC-42A3-9474-1A3956D46DE8}") = "Task5", "Task5", "{3FFFAEE5-761F-4DFB-A781-35269C4EDE1C}"
EndProject
Project("{FAE04EC0-301F-11D3-BF4B-00C04F79EFBC}") = "Tyuiu.BatTI.Sprint4.Task5.V9", "Tyuiu.BatTI.Sprint4.Task5.V9\Tyuiu.BatTI.Sprint4.Task5.V9.csproj", "{FEC2A0C2-8743-4360-89EA-F7A67DF37D2F}"
EndProject
Project("{FAE04EC0-301F-11D3-BF4B-00C04F79EFBC}") = "Tyuiu.BatTI.Sprint4.Task5.V9.Lib", "Tyuiu.BatTI.Sprint4.Task5.V9.Lib\Tyuiu.BatTI.Sprint4.Task5.V9.Lib.csproj", "{407FE64E-D010-4E3D-B992-61EF0371DBE7}"
EndProject
Project("{FAE04EC0-301F-11D3-BF4B-00C04F79EFBC}") = "Tyuiu.BatTI.Sprint4.Task5.V9.Test", "Tyuiu.BatTI.Sprint4.Task5.V9.Test\Tyuiu.BatTI.Sprint4.Task5.V9.Test.csproj", "{737DD779-2E20-465C-8984-A89566D773A5}"
EndProject
Project("{2150E333-8FDC-42A3-9474-1A3956D46DE8}") = "Task6", "Task6", "{D1A769E5-6308-4D18-9686-F0AFFDBE3E49}"
EndProject
Project("{FAE04EC0-301F-11D3-BF4B-00C04F79EFBC}") = "Tyuiu.BatTI.Sprint4.Task6.V16", "Tyuiu.BatTI.Sprint4.Task6.V16\Tyuiu.BatTI.Sprint4.Task6.V16.csproj", "{E8F63EE9-ED7F-455E-B8C0-B7E458BE6BB6}"
EndProject
Project("{FAE04EC0-301F-11D3-BF4B-00C04F79EFBC}") = "Tyuiu.BatTI.Sprint4.Task6.V16.Lib", "Tyuiu.BatTI.Sprint4.Task6.V16.Lib\Tyuiu.BatTI.Sprint4.Task6.V16.Lib.csproj", "{334F59C1-0FC7-4932-9E88-8E07A6BE698A}"
EndProject
Project("{FAE04EC0-301F-11D3-BF4B-00C04F79EFBC}") = "Tyuiu.BatTI.Sprint4.Task6.V16.Test", "Tyuiu.BatTI.Sprint4.Task6.V16.Test\Tyuiu.BatTI.Sprint4.Task6.V16.Test.csproj", "{1E5B9C9A-C028-4434-9CDE-0FF2D9E87BC3}"
EndProject
Project("{2150E333-8FDC-42A3-9474-1A3956D46DE8}") = "Task7", "Task7", "{23A55A48-C0F4-4125-9956-2114217DCBEB}"
EndProject
Project("{FAE04EC0-301F-11D3-BF4B-00C04F79EFBC}") = "Tyuiu.BatTI.Sprint4.Task7.V2", "Tyuiu.BatTI.Sprint4.Task7.V2\Tyuiu.BatTI.Sprint4.Task7.V2.csproj", "{EB3CD3D0-AFFD-4B2D-B74C-C96383F7D8EE}"
EndProject
Project("{FAE04EC0-301F-11D3-BF4B-00C04F79EFBC}") = "Tyuiu.BatTI.Sprint4.Task7.V2.Lib", "Tyuiu.BatTI.Sprint4.Task7.V2.Lib\Tyuiu.BatTI.Sprint4.Task7.V2.Lib.csproj", "{A407B15A-B934-42E0-A917-A0AF798908B0}"
EndProject
Project("{FAE04EC0-301F-11D3-BF4B-00C04F79EFBC}") = "Tyuiu.BatTI.Sprint4.Task7.V2.Test", "Tyuiu.BatTI.Sprint4.Task7.V2.Test\Tyuiu.BatTI.Sprint4.Task7.V2.Test.csproj", "{A4408921-0C23-4470-A573-2CF5590A2DBA}"
EndProject
Global
	GlobalSection(SolutionConfigurationPlatforms) = preSolution
		Debug|Any CPU = Debug|Any CPU
		Release|Any CPU = Release|Any CPU
	EndGlobalSection
	GlobalSection(ProjectConfigurationPlatforms) = postSolution
		{736CFE86-3EF5-4100-B08D-8A3744DF6D12}.Debug|Any CPU.ActiveCfg = Debug|Any CPU
		{736CFE86-3EF5-4100-B08D-8A3744DF6D12}.Debug|Any CPU.Build.0 = Debug|Any CPU
		{736CFE86-3EF5-4100-B08D-8A3744DF6D12}.Release|Any CPU.ActiveCfg = Release|Any CPU
		{736CFE86-3EF5-4100-B08D-8A3744DF6D12}.Release|Any CPU.Build.0 = Release|Any CPU
		{307FBC98-38F4-4062-8AFF-E4C10B907995}.Debug|Any CPU.ActiveCfg = Debug|Any CPU
		{307FBC98-38F4-4062-8AFF-E4C10B907995}.Debug|Any CPU.Build.0 = Debug|Any CPU
		{307FBC98-38F4-4062-8AFF-E4C10B907995}.Release|Any CPU.ActiveCfg = Release|Any CPU
		{307FBC98-38F4-4062-8AFF-E4C10B907995}.Release|Any CPU.Build.0 = Release|Any CPU
		{2FBAE0C2-7F4B-4B25-9338-0150C07DCF28}.Debug|Any CPU.ActiveCfg = Debug|Any CPU
		{2FBAE0C2-7F4B-4B25-9338-0150C07DCF28}.Debug|Any CPU.Build.0 = Debug|Any CPU
		{2FBAE0C2-7F4B-4B25-9338-0150C07DCF28}.Release|Any CPU.ActiveCfg = Release|Any CPU
		{2FBAE0C2-7F4B-4B25-9338-0150C07DCF28}.Release|Any CPU.Build.0 = Release|Any CPU
		{DC020E0A-1983-472E-81CB-FD216DF5BAA3}.Debug|Any CPU.ActiveCfg = Debug|Any CPU
		{DC020E0A-1983-472E-81CB-FD216DF5BAA3}.Debug|Any CPU.Build.0 = Debug|Any CPU
		{DC020E0A-1983-472E-81CB-FD216DF5BAA3}.Release|Any CPU.ActiveCfg = Release|Any CPU
		{DC020E0A-1983-472E-81CB-FD216DF5BAA3}.Release|Any CPU.Build.0 = Release|Any CPU
		{4F3DD975-292D-44D7-9F7E-01D5131D9605}.Debug|Any CPU.ActiveCfg = Debug|Any CPU
		{4F3DD975-292D-44D7-9F7E-01D5131D9605}.Debug|Any CPU.Build.0 = Debug|Any CPU
		{4F3DD975-292D-44D7-9F7E-01D5131D9605}.Release|Any CPU.ActiveCfg = Release|Any CPU
		{4F3DD975-292D-44D7-9F7E-01D5131D9605}.Release|Any CPU.Build.0 = Release|Any CPU
		{05EA720D-62F3-4894-AF01-31319467966A}.Debug|Any CPU.ActiveCfg = Debug|Any CPU
		{05EA720D-62F3-4894-AF01-31319467966A}.Debug|Any CPU.Build.0 = Debug|Any CPU
		{05EA720D-62F3-4894-AF01-31319467966A}.Release|Any CPU.ActiveCfg = Release|Any CPU
		{05EA720D-62F3-4894-AF01-31319467966A}.Release|Any CPU.Build.0 = Release|Any CPU
		{FF53F921-CA4F-41A9-9D30-4861FA29F059}.Debug|Any CPU.ActiveCfg = Debug|Any CPU
		{FF53F921-CA4F-41A9-9D30-4861FA29F059}.Debug|Any CPU.Build.0 = Debug|Any CPU
		{FF53F921-CA4F-41A9-9D30-4861FA29F059}.Release|Any CPU.ActiveCfg = Release|Any CPU
		{FF53F921-CA4F-41A9-9D30-4861FA29F059}.Release|Any CPU.Build.0 = Release|Any CPU
		{54C29474-57F3-4B3D-98A3-8DC0201E6D42}.Debug|Any CPU.ActiveCfg = Debug|Any CPU
		{54C29474-57F3-4B3D-98A3-8DC0201E6D42}.Debug|Any CPU.Build.0 = Debug|Any CPU
		{54C29474-57F3-4B3D-98A3-8DC0201E6D42}.Release|Any CPU.ActiveCfg = Release|Any CPU
		{54C29474-57F3-4B3D-98A3-8DC0201E6D42}.Release|Any CPU.Build.0 = Release|Any CPU
		{90BD3BA1-3AAF-4D51-8EAB-92B47FF859E4}.Debug|Any CPU.ActiveCfg = Debug|Any CPU
		{90BD3BA1-3AAF-4D51-8EAB-92B47FF859E4}.Debug|Any CPU.Build.0 = Debug|Any CPU
		{90BD3BA1-3AAF-4D51-8EAB-92B47FF859E4}.Release|Any CPU.ActiveCfg = Release|Any CPU
		{90BD3BA1-3AAF-4D51-8EAB-92B47FF859E4}.Release|Any CPU.Build.0 = Release|Any CPU
		{05AA1908-446A-4BA2-B520-863BE96D7E2A}.Debug|Any CPU.ActiveCfg = Debug|Any CPU
		{05AA1908-446A-4BA2-B520-863BE96D7E2A}.Debug|Any CPU.Build.0 = Debug|Any CPU
		{05AA1908-446A-4BA2-B520-863BE96D7E2A}.Release|Any CPU.ActiveCfg = Release|Any CPU
		{05AA1908-446A-4BA2-B520-863BE96D7E2A}.Release|Any CPU.Build.0 = Release|Any CPU
		{53EF96A7-FF15-4AE0-BEE3-BB15F4FCE8EC}.Debug|Any CPU.ActiveCfg = Debug|Any CPU
		{53EF96A7-FF15-4AE0-BEE3-BB15F4FCE8EC}.Debug|Any CPU.Build.0 = Debug|Any CPU
		{53EF96A7-FF15-4AE0-BEE3-BB15F4FCE8EC}.Release|Any CPU.ActiveCfg = Release|Any CPU
		{53EF96A7-FF15-4AE0-BEE3-BB15F4FCE8EC}.Release|Any CPU.Build.0 = Release|Any CPU
		{BB6812CB-E63F-4DC8-9C2D-7AB20A018C6B}.Debug|Any CPU.ActiveCfg = Debug|Any CPU
		{BB6812CB-E63F-4DC8-9C2D-7AB20A018C6B}.Debug|Any CPU.Build.0 = Debug|Any CPU
		{BB6812CB-E63F-4DC8-9C2D-7AB20A018C6B}.Release|Any CPU.ActiveCfg = Release|Any CPU
		{BB6812CB-E63F-4DC8-9C2D-7AB20A018C6B}.Release|Any CPU.Build.0 = Release|Any CPU
		{E71C888A-1BA3-4F10-9D2E-257502844E65}.Debug|Any CPU.ActiveCfg = Debug|Any CPU
		{E71C888A-1BA3-4F10-9D2E-257502844E65}.Debug|Any CPU.Build.0 = Debug|Any CPU
		{E71C888A-1BA3-4F10-9D2E-257502844E65}.Release|Any CPU.ActiveCfg = Release|Any CPU
		{E71C888A-1BA3-4F10-9D2E-257502844E65}.Release|Any CPU.Build.0 = Release|Any CPU
		{6B01047F-E3A7-4BE5-B811-2DB41719639E}.Debug|Any CPU.ActiveCfg = Debug|Any CPU
		{6B01047F-E3A7-4BE5-B811-2DB41719639E}.Debug|Any CPU.Build.0 = Debug|Any CPU
		{6B01047F-E3A7-4BE5-B811-2DB41719639E}.Release|Any CPU.ActiveCfg = Release|Any CPU
		{6B01047F-E3A7-4BE5-B811-2DB41719639E}.Release|Any CPU.Build.0 = Release|Any CPU
		{453999AB-DC6B-467E-A826-B4DB01B48E42}.Debug|Any CPU.ActiveCfg = Debug|Any CPU
		{453999AB-DC6B-467E-A826-B4DB01B48E42}.Debug|Any CPU.Build.0 = Debug|Any CPU
		{453999AB-DC6B-467E-A826-B4DB01B48E42}.Release|Any CPU.ActiveCfg = Release|Any CPU
		{453999AB-DC6B-467E-A826-B4DB01B48E42}.Release|Any CPU.Build.0 = Release|Any CPU
		{FEC2A0C2-8743-4360-89EA-F7A67DF37D2F}.Debug|Any CPU.ActiveCfg = Debug|Any CPU
		{FEC2A0C2-8743-4360-89EA-F7A67DF37D2F}.Debug|Any CPU.Build.0 = Debug|Any CPU
		{FEC2A0C2-8743-4360-89EA-F7A67DF37D2F}.Release|Any CPU.ActiveCfg = Release|Any CPU
		{FEC2A0C2-8743-4360-89EA-F7A67DF37D2F}.Release|Any CPU.Build.0 = Release|Any CPU
		{407FE64E-D010-4E3D-B992-61EF0371DBE7}.Debug|Any CPU.ActiveCfg = Debug|Any CPU
		{407FE64E-D010-4E3D-B992-61EF0371DBE7}.Debug|Any CPU.Build.0 = Debug|Any CPU
		{407FE64E-D010-4E3D-B992-61EF0371DBE7}.Release|Any CPU.ActiveCfg = Release|Any CPU
		{407FE64E-D010-4E3D-B992-61EF0371DBE7}.Release|Any CPU.Build.0 = Release|Any CPU
		{737DD779-2E20-465C-8984-A89566D773A5}.Debug|Any CPU.ActiveCfg = Debug|Any CPU
		{737DD779-2E20-465C-8984-A89566D773A5}.Debug|Any CPU.Build.0 = Debug|Any CPU
		{737DD779-2E20-465C-8984-A89566D773A5}.Release|Any CPU.ActiveCfg = Release|Any CPU
		{737DD779-2E20-465C-8984-A89566D773A5}.Release|Any CPU.Build.0 = Release|Any CPU
		{E8F63EE9-ED7F-455E-B8C0-B7E458BE6BB6}.Debug|Any CPU.ActiveCfg = Debug|Any CPU
		{E8F63EE9-ED7F-455E-B8C0-B7E458BE6BB6}.Debug|Any CPU.Build.0 = Debug|Any CPU
		{E8F63EE9-ED7F-455E-B8C0-B7E458BE6BB6}.Release|Any CPU.ActiveCfg = Release|Any CPU
		{E8F63EE9-ED7F-455E-B8C0-B7E458BE6BB6}.Release|Any CPU.Build.0 = Release|Any CPU
		{334F59C1-0FC7-4932-9E88-8E07A6BE698A}.Debug|Any CPU.ActiveCfg = Debug|Any CPU
		{334F59C1-0FC7-4932-9E88-8E07A6BE698A}.Debug|Any CPU.Build.0 = Debug|Any CPU
		{334F59C1-0FC7-4932-9E88-8E07A6BE698A}.Release|Any CPU.ActiveCfg = Release|Any CPU
		{334F59C1-0FC7-4932-9E88-8E07A6BE698A}.Release|Any CPU.Build.0 = Release|Any CPU
		{1E5B9C9A-C028-4434-9CDE-0FF2D9E87BC3}.Debug|Any CPU.ActiveCfg = Debug|Any CPU
		{1E5B9C9A-C028-4434-9CDE-0FF2D9E87BC3}.Debug|Any CPU.Build.0 = Debug|Any CPU
		{1E5B9C9A-C028-4434-9CDE-0FF2D9E87BC3}.Release|Any CPU.ActiveCfg = Release|Any CPU
		{1E5B9C9A-C028-4434-9CDE-0FF2D9E87BC3}.Release|Any CPU.Build.0 = Release|Any CPU
		{EB3CD3D0-AFFD-4B2D-B74C-C96383F7D8EE}.Debug|Any CPU.ActiveCfg = Debug|Any CPU
		{EB3CD3D0-AFFD-4B2D-B74C-C96383F7D8EE}.Debug|Any CPU.Build.0 = Debug|Any CPU
		{EB3CD3D0-AFFD-4B2D-B74C-C96383F7D8EE}.Release|Any CPU.ActiveCfg = Release|Any CPU
		{EB3CD3D0-AFFD-4B2D-B74C-C96383F7D8EE}.Release|Any CPU.Build.0 = Release|Any CPU
		{A407B15A-B934-42E0-A917-A0AF798908B0}.Debug|Any CPU.ActiveCfg = Debug|Any CPU
		{A407B15A-B934-42E0-A917-A0AF798908B0}.Debug|Any CPU.Build.0 = Debug|Any CPU
		{A407B15A-B934-42E0-A917-A0AF798908B0}.Release|Any CPU.ActiveCfg = Release|Any CPU
		{A407B15A-B934-42E0-A917-A0AF798908B0}.Release|Any CPU.Build.0 = Release|Any CPU
		{A4408921-0C23-4470-A573-2CF5590A2DBA}.Debug|Any CPU.ActiveCfg = Debug|Any CPU
		{A4408921-0C23-4470-A573-2CF5590A2DBA}.Debug|Any CPU.Build.0 = Debug|Any CPU
		{A4408921-0C23-4470-A573-2CF5590A2DBA}.Release|Any CPU.ActiveCfg = Release|Any CPU
		{A4408921-0C23-4470-A573-2CF5590A2DBA}.Release|Any CPU.Build.0 = Release|Any CPU
	EndGlobalSection
	GlobalSection(SolutionProperties) = preSolution
		HideSolutionNode = FALSE
	EndGlobalSection
	GlobalSection(NestedProjects) = preSolution
		{736CFE86-3EF5-4100-B08D-8A3744DF6D12} = {72FCCEB4-A4DF-4E36-8999-39029EB80B07}
		{307FBC98-38F4-4062-8AFF-E4C10B907995} = {72FCCEB4-A4DF-4E36-8999-39029EB80B07}
		{2FBAE0C2-7F4B-4B25-9338-0150C07DCF28} = {72FCCEB4-A4DF-4E36-8999-39029EB80B07}
		{DC020E0A-1983-472E-81CB-FD216DF5BAA3} = {02EA681E-C7D8-13C7-8484-4AC65E1B71E8}
		{4F3DD975-292D-44D7-9F7E-01D5131D9605} = {02EA681E-C7D8-13C7-8484-4AC65E1B71E8}
		{05EA720D-62F3-4894-AF01-31319467966A} = {02EA681E-C7D8-13C7-8484-4AC65E1B71E8}
		{FF53F921-CA4F-41A9-9D30-4861FA29F059} = {171145DB-FB4B-4A61-9D8D-CCDE6B0D8D2C}
		{54C29474-57F3-4B3D-98A3-8DC0201E6D42} = {171145DB-FB4B-4A61-9D8D-CCDE6B0D8D2C}
		{90BD3BA1-3AAF-4D51-8EAB-92B47FF859E4} = {171145DB-FB4B-4A61-9D8D-CCDE6B0D8D2C}
		{05AA1908-446A-4BA2-B520-863BE96D7E2A} = {91ED25A3-E76A-4316-B49A-78693BE71151}
		{53EF96A7-FF15-4AE0-BEE3-BB15F4FCE8EC} = {91ED25A3-E76A-4316-B49A-78693BE71151}
		{BB6812CB-E63F-4DC8-9C2D-7AB20A018C6B} = {91ED25A3-E76A-4316-B49A-78693BE71151}
		{E71C888A-1BA3-4F10-9D2E-257502844E65} = {590CA340-0B7C-40B4-BDB8-6C181B9A5459}
		{6B01047F-E3A7-4BE5-B811-2DB41719639E} = {590CA340-0B7C-40B4-BDB8-6C181B9A5459}
		{453999AB-DC6B-467E-A826-B4DB01B48E42} = {590CA340-0B7C-40B4-BDB8-6C181B9A5459}
		{FEC2A0C2-8743-4360-89EA-F7A67DF37D2F} = {3FFFAEE5-761F-4DFB-A781-35269C4EDE1C}
		{407FE64E-D010-4E3D-B992-61EF0371DBE7} = {3FFFAEE5-761F-4DFB-A781-35269C4EDE1C}
		{737DD779-2E20-465C-8984-A89566D773A5} = {3FFFAEE5-761F-4DFB-A781-35269C4EDE1C}
		{E8F63EE9-ED7F-455E-B8C0-B7E458BE6BB6} = {D1A769E5-6308-4D18-9686-F0AFFDBE3E49}
		{334F59C1-0FC7-4932-9E88-8E07A6BE698A} = {D1A769E5-6308-4D18-9686-F0AFFDBE3E49}
		{1E5B9C9A-C028-4434-9CDE-0FF2D9E87BC3} = {D1A769E5-6308-4D18-9686-F0AFFDBE3E49}
		{EB3CD3D0-AFFD-4B2D-B74C-C96383F7D8EE} = {23A55A48-C0F4-4125-9956-2114217DCBEB}
		{A407B15A-B934-42E0-A917-A0AF798908B0} = {23A55A48-C0F4-4125-9956-2114217DCBEB}
		{A4408921-0C23-4470-A573-2CF5590A2DBA} = {23A55A48-C0F4-4125-9956-2114217DCBEB}
	EndGlobalSection
	GlobalSection(ExtensibilityGlobals) = postSolution
		SolutionGuid = {434AB2AE-61B9-42ED-A306-697724F2DF91}
	EndGlobalSection
EndGlobal
