
Microsoft Visual Studio Solution File, Format Version 12.00
# Visual Studio Version 17
VisualStudioVersion = 17.14.36518.9
MinimumVisualStudioVersion = 10.0.40219.1
Project("{2150E333-8FDC-42A3-9474-1A3956D46DE8}") = "Task1", "Task1", "{72FCCEB4-A4DF-4E36-8999-39029EB80B07}"
EndProject
Project("{FAE04EC0-301F-11D3-BF4B-00C04F79EFBC}") = "Tyuiu.BatTI.Sprint4.Task1.V12", "Tyuiu.BatTI.Sprint4.Task1.V12\Tyuiu.BatTI.Sprint4.Task1.V12.csproj", "{736CFE86-3EF5-4100-B08D-8A3744DF6D12}"
EndProject
Project("{FAE04EC0-301F-11D3-BF4B-00C04F79EFBC}") = "Tyuiu.BatTI.Sprint4.Task1.V12.Lib", "Tyuiu.BatTI.Sprint4.Task1.V12.Lib\Tyuiu.BatTI.Sprint4.Task1.V12.Lib.csproj", "{307FBC98-38F4-4062-8AFF-E4C10B907995}"
EndProject
Project("{FAE04EC0-301F-11D3-BF4B-00C04F79EFBC}") = "Tyuiu.BatTI.Sprint4.Task1.V12.Test", "Tyuiu.BatTI.Sprint4.Task1.V12.Test\Tyuiu.BatTI.Sprint4.Task1.V12.Test.csproj", "{2FBAE0C2-7F4B-4B25-9338-0150C07DCF28}"
EndProject
Project("{2150E333-8FDC-42A3-9474-1A3956D46DE8}") = "Task0", "Task0", "{02EA681E-C7D8-13C7-8484-4AC65E1B71E8}"
EndProject
Project("{FAE04EC0-301F-11D3-BF4B-00C04F79EFBC}") = "Tyuiu.BatTI.Sprint4.Task0.V29", "Tyuiu.BatTI.Sprint4.Task0.V29\Tyuiu.BatTI.Sprint4.Task0.V29.csproj", "{DC020E0A-1983-472E-81CB-FD216DF5BAA3}"
EndProject
Project("{FAE04EC0-301F-11D3-BF4B-00C04F79EFBC}") = "Tyuiu.BatTI.Sprint4.Task0.V29.Lib", "Tyuiu.BatTI.Sprint4.Task0.V29.Lib\Tyuiu.BatTI.Sprint4.Task0.V29.Lib.csproj", "{4F3DD975-292D-44D7-9F7E-01D5131D9605}"
EndProject
Project("{FAE04EC0-301F-11D3-BF4B-00C04F79EFBC}") = "Tyuiu.BatTI.Sprint4.Task0.V29.Test", "Tyuiu.BatTI.Sprint4.Task0.V29.Test\Tyuiu.BatTI.Sprint4.Task0.V29.Test.csproj", "{05EA720D-62F3-4894-AF01-31319467966A}"
EndProject
Project("{2150E333-8FDC-42A3-9474-1A3956D46DE8}") = "Task2", "Task2", "{171145DB-FB4B-4A61-9D8D-CCDE6B0D8D2C}"
EndProject
Project("{FAE04EC0-301F-11D3-BF4B-00C04F79EFBC}") = "Tyuiu.BatTI.Sprint4.Task2.V22", "Tyuiu.BatTI.Sprint4.Task2.V22\Tyuiu.BatTI.Sprint4.Task2.V22.csproj", "{FF53F921-CA4F-41A9-9D30-4861FA29F059}"
EndProject
Project("{FAE04EC0-301F-11D3-BF4B-00C04F79EFBC}") = "Tyuiu.BatTI.Sprint4.Task2.V22.Lib", "Tyuiu.BatTI.Sprint4.Task2.V22.Lib\Tyuiu.BatTI.Sprint4.Task2.V22.Lib.csproj", "{54C29474-57F3-4B3D-98A3-8DC0201E6D42}"
EndProject
Project("{FAE04EC0-301F-11D3-BF4B-00C04F79EFBC}") = "Tyuiu.BatTI.Sprint4.Task2.V22.Test", "Tyuiu.BatTI.Sprint4.Task2.V22.Test\Tyuiu.BatTI.Sprint4.Task2.V22.Test.csproj", "{90BD3BA1-3AAF-4D51-8EAB-92B47FF859E4}"
EndProject
Global
	GlobalSection(SolutionConfigurationPlatforms) = preSolution
		Debug|Any CPU = Debug|Any CPU
		Release|Any CPU = Release|Any CPU
	EndGlobalSection
	GlobalSection(ProjectConfigurationPlatforms) = postSolution
		{736CFE86-3EF5-4100-B08D-8A3744DF6D12}.Debug|Any CPU.ActiveCfg = Debug|Any CPU
		{736CFE86-3EF5-4100-B08D-8A3744DF6D12}.Debug|Any CPU.Build.0 = Debug|Any CPU
		{736CFE86-3EF5-4100-B08D-8A3744DF6D12}.Release|Any CPU.ActiveCfg = Release|Any CPU
		{736CFE86-3EF5-4100-B08D-8A3744DF6D12}.Release|Any CPU.Build.0 = Release|Any CPU
		{307FBC98-38F4-4062-8AFF-E4C10B907995}.Debug|Any CPU.ActiveCfg = Debug|Any CPU
		{307FBC98-38F4-4062-8AFF-E4C10B907995}.Debug|Any CPU.Build.0 = Debug|Any CPU
		{307FBC98-38F4-4062-8AFF-E4C10B907995}.Release|Any CPU.ActiveCfg = Release|Any CPU
		{307FBC98-38F4-4062-8AFF-E4C10B907995}.Release|Any CPU.Build.0 = Release|Any CPU
		{2FBAE0C2-7F4B-4B25-9338-0150C07DCF28}.Debug|Any CPU.ActiveCfg = Debug|Any CPU
		{2FBAE0C2-7F4B-4B25-9338-0150C07DCF28}.Debug|Any CPU.Build.0 = Debug|Any CPU
		{2FBAE0C2-7F4B-4B25-9338-0150C07DCF28}.Release|Any CPU.ActiveCfg = Release|Any CPU
		{2FBAE0C2-7F4B-4B25-9338-0150C07DCF28}.Release|Any CPU.Build.0 = Release|Any CPU
		{DC020E0A-1983-472E-81CB-FD216DF5BAA3}.Debug|Any CPU.ActiveCfg = Debug|Any CPU
		{DC020E0A-1983-472E-81CB-FD216DF5BAA3}.Debug|Any CPU.Build.0 = Debug|Any CPU
		{DC020E0A-1983-472E-81CB-FD216DF5BAA3}.Release|Any CPU.ActiveCfg = Release|Any CPU
		{DC020E0A-1983-472E-81CB-FD216DF5BAA3}.Release|Any CPU.Build.0 = Release|Any CPU
		{4F3DD975-292D-44D7-9F7E-01D5131D9605}.Debug|Any CPU.ActiveCfg = Debug|Any CPU
		{4F3DD975-292D-44D7-9F7E-01D5131D9605}.Debug|Any CPU.Build.0 = Debug|Any CPU
		{4F3DD975-292D-44D7-9F7E-01D5131D9605}.Release|Any CPU.ActiveCfg = Release|Any CPU
		{4F3DD975-292D-44D7-9F7E-01D5131D9605}.Release|Any CPU.Build.0 = Release|Any CPU
		{05EA720D-62F3-4894-AF01-31319467966A}.Debug|Any CPU.ActiveCfg = Debug|Any CPU
		{05EA720D-62F3-4894-AF01-31319467966A}.Debug|Any CPU.Build.0 = Debug|Any CPU
		{05EA720D-62F3-4894-AF01-31319467966A}.Release|Any CPU.ActiveCfg = Release|Any CPU
		{05EA720D-62F3-4894-AF01-31319467966A}.Release|Any CPU.Build.0 = Release|Any CPU
		{FF53F921-CA4F-41A9-9D30-4861FA29F059}.Debug|Any CPU.ActiveCfg = Debug|Any CPU
		{FF53F921-CA4F-41A9-9D30-4861FA29F059}.Debug|Any CPU.Build.0 = Debug|Any CPU
		{FF53F921-CA4F-41A9-9D30-4861FA29F059}.Release|Any CPU.ActiveCfg = Release|Any CPU
		{FF53F921-CA4F-41A9-9D30-4861FA29F059}.Release|Any CPU.Build.0 = Release|Any CPU
		{54C29474-57F3-4B3D-98A3-8DC0201E6D42}.Debug|Any CPU.ActiveCfg = Debug|Any CPU
		{54C29474-57F3-4B3D-98A3-8DC0201E6D42}.Debug|Any CPU.Build.0 = Debug|Any CPU
		{54C29474-57F3-4B3D-98A3-8DC0201E6D42}.Release|Any CPU.ActiveCfg = Release|Any CPU
		{54C29474-57F3-4B3D-98A3-8DC0201E6D42}.Release|Any CPU.Build.0 = Release|Any CPU
		{90BD3BA1-3AAF-4D51-8EAB-92B47FF859E4}.Debug|Any CPU.ActiveCfg = Debug|Any CPU
		{90BD3BA1-3AAF-4D51-8EAB-92B47FF859E4}.Debug|Any CPU.Build.0 = Debug|Any CPU
		{90BD3BA1-3AAF-4D51-8EAB-92B47FF859E4}.Release|Any CPU.ActiveCfg = Release|Any CPU
		{90BD3BA1-3AAF-4D51-8EAB-92B47FF859E4}.Release|Any CPU.Build.0 = Release|Any CPU
	EndGlobalSection
	GlobalSection(SolutionProperties) = preSolution
		HideSolutionNode = FALSE
	EndGlobalSection
	GlobalSection(NestedProjects) = preSolution
		{736CFE86-3EF5-4100-B08D-8A3744DF6D12} = {72FCCEB4-A4DF-4E36-8999-39029EB80B07}
		{307FBC98-38F4-4062-8AFF-E4C10B907995} = {72FCCEB4-A4DF-4E36-8999-39029EB80B07}
		{2FBAE0C2-7F4B-4B25-9338-0150C07DCF28} = {72FCCEB4-A4DF-4E36-8999-39029EB80B07}
		{DC020E0A-1983-472E-81CB-FD216DF5BAA3} = {02EA681E-C7D8-13C7-8484-4AC65E1B71E8}
		{4F3DD975-292D-44D7-9F7E-01D5131D9605} = {02EA681E-C7D8-13C7-8484-4AC65E1B71E8}
		{05EA720D-62F3-4894-AF01-31319467966A} = {02EA681E-C7D8-13C7-8484-4AC65E1B71E8}
		{FF53F921-CA4F-41A9-9D30-4861FA29F059} = {171145DB-FB4B-4A61-9D8D-CCDE6B0D8D2C}
		{54C29474-57F3-4B3D-98A3-8DC0201E6D42} = {171145DB-FB4B-4A61-9D8D-CCDE6B0D8D2C}
		{90BD3BA1-3AAF-4D51-8EAB-92B47FF859E4} = {171145DB-FB4B-4A61-9D8D-CCDE6B0D8D2C}
	EndGlobalSection
	GlobalSection(ExtensibilityGlobals) = postSolution
		SolutionGuid = {434AB2AE-61B9-42ED-A306-697724F2DF91}
	EndGlobalSection
EndGlobal
